
Microsoft Visual Studio Solution File, Format Version 12.00
# Visual Studio Version 17
VisualStudioVersion = 17.0.31912.275
MinimumVisualStudioVersion = 10.0.40219.1
Project("{FAE04EC0-301F-11D3-BF4B-00C04F79EFBC}") = "ConsumerAPI2", "ConsumerAPI2.csproj", "{2F33FE20-47A2-47FC-96C3-1E984520913A}"
EndProject
Global
	GlobalSection(SolutionConfigurationPlatforms) = preSolution
		Debug|Any CPU = Debug|Any CPU
		Release|Any CPU = Release|Any CPU
	EndGlobalSection
	GlobalSection(ProjectConfigurationPlatforms) = postSolution
		{2F33FE20-47A2-47FC-96C3-1E984520913A}.Debug|Any CPU.ActiveCfg = Debug|Any CPU
		{2F33FE20-47A2-47FC-96C3-1E984520913A}.Debug|Any CPU.Build.0 = Debug|Any CPU
		{2F33FE20-47A2-47FC-96C3-1E984520913A}.Release|Any CPU.ActiveCfg = Release|Any CPU
		{2F33FE20-47A2-47FC-96C3-1E984520913A}.Release|Any CPU.Build.0 = Release|Any CPU
	EndGlobalSection
	GlobalSection(SolutionProperties) = preSolution
		HideSolutionNode = FALSE
	EndGlobalSection
	GlobalSection(ExtensibilityGlobals) = postSolution
		SolutionGuid = {77823B13-AA96-4007-B8CA-96345C8A77ED}
	EndGlobalSection
EndGlobal
