
Microsoft Visual Studio Solution File, Format Version 12.00
# Visual Studio Version 17
VisualStudioVersion = 17.0.31912.275
MinimumVisualStudioVersion = 10.0.40219.1
Project("{FAE04EC0-301F-11D3-BF4B-00C04F79EFBC}") = "MenuAPI", "MenuAPI.csproj", "{0A398577-6F83-4022-A85A-97D6C5834717}"
EndProject
Global
	GlobalSection(SolutionConfigurationPlatforms) = preSolution
		Debug|Any CPU = Debug|Any CPU
		Release|Any CPU = Release|Any CPU
	EndGlobalSection
	GlobalSection(ProjectConfigurationPlatforms) = postSolution
		{0A398577-6F83-4022-A85A-97D6C5834717}.Debug|Any CPU.ActiveCfg = Debug|Any CPU
		{0A398577-6F83-4022-A85A-97D6C5834717}.Debug|Any CPU.Build.0 = Debug|Any CPU
		{0A398577-6F83-4022-A85A-97D6C5834717}.Release|Any CPU.ActiveCfg = Release|Any CPU
		{0A398577-6F83-4022-A85A-97D6C5834717}.Release|Any CPU.Build.0 = Release|Any CPU
	EndGlobalSection
	GlobalSection(SolutionProperties) = preSolution
		HideSolutionNode = FALSE
	EndGlobalSection
	GlobalSection(ExtensibilityGlobals) = postSolution
		SolutionGuid = {7A33C5D2-4602-478F-B5A6-F75E9C6B2510}
	EndGlobalSection
EndGlobal
